
Microsoft Visual Studio Solution File, Format Version 12.00
# Visual Studio Version 17
VisualStudioVersion = 17.7.34024.191
MinimumVisualStudioVersion = 10.0.40219.1
Project("{9A19103F-16F7-4668-BE54-9A1E7A4F7556}") = "Project.Shared", "TrackWebApp\Shared\Project.Shared.csproj", "{7E3904AF-5F51-4FC0-ACC0-CC0277EFA9ED}"
EndProject
Project("{9A19103F-16F7-4668-BE54-9A1E7A4F7556}") = "Project.Client", "TrackWebApp\Client\Project.Client.csproj", "{94890A01-F0B9-4E05-97A8-19AFF1232126}"
EndProject
Project("{9A19103F-16F7-4668-BE54-9A1E7A4F7556}") = "Project.Server", "TrackWebApp\Server\Project.Server.csproj", "{F6BB27B6-B53E-426C-9695-3E989DBAD0D3}"
EndProject
Global
	GlobalSection(SolutionConfigurationPlatforms) = preSolution
		Debug|Any CPU = Debug|Any CPU
		Release|Any CPU = Release|Any CPU
	EndGlobalSection
	GlobalSection(ProjectConfigurationPlatforms) = postSolution
		{7E3904AF-5F51-4FC0-ACC0-CC0277EFA9ED}.Debug|Any CPU.ActiveCfg = Debug|Any CPU
		{7E3904AF-5F51-4FC0-ACC0-CC0277EFA9ED}.Debug|Any CPU.Build.0 = Debug|Any CPU
		{7E3904AF-5F51-4FC0-ACC0-CC0277EFA9ED}.Release|Any CPU.ActiveCfg = Release|Any CPU
		{7E3904AF-5F51-4FC0-ACC0-CC0277EFA9ED}.Release|Any CPU.Build.0 = Release|Any CPU
		{94890A01-F0B9-4E05-97A8-19AFF1232126}.Debug|Any CPU.ActiveCfg = Debug|Any CPU
		{94890A01-F0B9-4E05-97A8-19AFF1232126}.Debug|Any CPU.Build.0 = Debug|Any CPU
		{94890A01-F0B9-4E05-97A8-19AFF1232126}.Release|Any CPU.ActiveCfg = Release|Any CPU
		{94890A01-F0B9-4E05-97A8-19AFF1232126}.Release|Any CPU.Build.0 = Release|Any CPU
		{F6BB27B6-B53E-426C-9695-3E989DBAD0D3}.Debug|Any CPU.ActiveCfg = Debug|Any CPU
		{F6BB27B6-B53E-426C-9695-3E989DBAD0D3}.Debug|Any CPU.Build.0 = Debug|Any CPU
		{F6BB27B6-B53E-426C-9695-3E989DBAD0D3}.Release|Any CPU.ActiveCfg = Release|Any CPU
		{F6BB27B6-B53E-426C-9695-3E989DBAD0D3}.Release|Any CPU.Build.0 = Release|Any CPU
	EndGlobalSection
	GlobalSection(SolutionProperties) = preSolution
		HideSolutionNode = FALSE
	EndGlobalSection
	GlobalSection(ExtensibilityGlobals) = postSolution
		SolutionGuid = {837BF55A-098A-4412-9844-ED04BAC5807C}
	EndGlobalSection
EndGlobal
